// !$*UTF8*$!
{
	archiveVersion = 1;
	classes = {
	};
	objectVersion = 51;
	objects = {

/* Begin PBXBuildFile section */
		30866B4F966A93DABF45F364 /* Pods_Swift5_Like_Heart.framework in Frameworks */ = {isa = PBXBuildFile; fileRef = F13A1CADA35F8CEF10D26AFF /* Pods_Swift5_Like_Heart.framework */; };
		5CA45622706ADBD27ADFB7EF /* Pods_Swift5_Like_Heart_Swift5_Like_HeartUITests.framework in Frameworks */ = {isa = PBXBuildFile; fileRef = 09AD7770E12155FEF9E9FB54 /* Pods_Swift5_Like_Heart_Swift5_Like_HeartUITests.framework */; };
		B8213B0D245020E82270E5E9 /* Pods_Swift5_Like_HeartTests.framework in Frameworks */ = {isa = PBXBuildFile; fileRef = 8F719FD48A1DF9F4248ABC3F /* Pods_Swift5_Like_HeartTests.framework */; };
		E71BB879249DE7C100680852 /* AppDelegate.swift in Sources */ = {isa = PBXBuildFile; fileRef = E71BB878249DE7C100680852 /* AppDelegate.swift */; };
		E71BB87B249DE7C100680852 /* SceneDelegate.swift in Sources */ = {isa = PBXBuildFile; fileRef = E71BB87A249DE7C100680852 /* SceneDelegate.swift */; };
		E71BB880249DE7C100680852 /* Main.storyboard in Resources */ = {isa = PBXBuildFile; fileRef = E71BB87E249DE7C100680852 /* Main.storyboard */; };
		E71BB882249DE7C300680852 /* Assets.xcassets in Resources */ = {isa = PBXBuildFile; fileRef = E71BB881249DE7C300680852 /* Assets.xcassets */; };
		E71BB885249DE7C300680852 /* LaunchScreen.storyboard in Resources */ = {isa = PBXBuildFile; fileRef = E71BB883249DE7C300680852 /* LaunchScreen.storyboard */; };
		E71BB890249DE7C400680852 /* Swift5_Like_HeartTests.swift in Sources */ = {isa = PBXBuildFile; fileRef = E71BB88F249DE7C400680852 /* Swift5_Like_HeartTests.swift */; };
		E71BB89B249DE7C400680852 /* Swift5_Like_HeartUITests.swift in Sources */ = {isa = PBXBuildFile; fileRef = E71BB89A249DE7C400680852 /* Swift5_Like_HeartUITests.swift */; };
		E7A0EB5A24A243E2009CCEAE /* GoogleService-Info.plist in Resources */ = {isa = PBXBuildFile; fileRef = E7A0EB5924A243E2009CCEAE /* GoogleService-Info.plist */; };
		E7A0EB5D24A2458B009CCEAE /* heart.json in Resources */ = {isa = PBXBuildFile; fileRef = E7A0EB5B24A24589009CCEAE /* heart.json */; };
		E7A0EB5E24A2458B009CCEAE /* good.json in Resources */ = {isa = PBXBuildFile; fileRef = E7A0EB5C24A2458B009CCEAE /* good.json */; };
		E7A0EB6024A24666009CCEAE /* LoginViewController.swift in Sources */ = {isa = PBXBuildFile; fileRef = E7A0EB5F24A24666009CCEAE /* LoginViewController.swift */; };
		E7C8DAF824A43F4500876198 /* TimeLineViewController.swift in Sources */ = {isa = PBXBuildFile; fileRef = E7C8DAF724A43F4500876198 /* TimeLineViewController.swift */; };
		E7D3450724A3C776004C16D2 /* EditViewController.swift in Sources */ = {isa = PBXBuildFile; fileRef = E7D3450624A3C776004C16D2 /* EditViewController.swift */; };
/* End PBXBuildFile section */

/* Begin PBXContainerItemProxy section */
		E71BB88C249DE7C400680852 /* PBXContainerItemProxy */ = {
			isa = PBXContainerItemProxy;
			containerPortal = E71BB86D249DE7C000680852 /* Project object */;
			proxyType = 1;
			remoteGlobalIDString = E71BB874249DE7C100680852;
			remoteInfo = "Swift5 Like&Heart";
		};
		E71BB897249DE7C400680852 /* PBXContainerItemProxy */ = {
			isa = PBXContainerItemProxy;
			containerPortal = E71BB86D249DE7C000680852 /* Project object */;
			proxyType = 1;
			remoteGlobalIDString = E71BB874249DE7C100680852;
			remoteInfo = "Swift5 Like&Heart";
		};
/* End PBXContainerItemProxy section */

/* Begin PBXFileReference section */
		09AD7770E12155FEF9E9FB54 /* Pods_Swift5_Like_Heart_Swift5_Like_HeartUITests.framework */ = {isa = PBXFileReference; explicitFileType = wrapper.framework; includeInIndex = 0; path = Pods_Swift5_Like_Heart_Swift5_Like_HeartUITests.framework; sourceTree = BUILT_PRODUCTS_DIR; };
		0A0E2B9C8D368DBFBB283491 /* Pods-Swift5 Like&HeartTests.release.xcconfig */ = {isa = PBXFileReference; includeInIndex = 1; lastKnownFileType = text.xcconfig; name = "Pods-Swift5 Like&HeartTests.release.xcconfig"; path = "Target Support Files/Pods-Swift5 Like&HeartTests/Pods-Swift5 Like&HeartTests.release.xcconfig"; sourceTree = "<group>"; };
		42161E2BF26DB6D19C1026F6 /* Pods-Swift5 Like&Heart.release.xcconfig */ = {isa = PBXFileReference; includeInIndex = 1; lastKnownFileType = text.xcconfig; name = "Pods-Swift5 Like&Heart.release.xcconfig"; path = "Target Support Files/Pods-Swift5 Like&Heart/Pods-Swift5 Like&Heart.release.xcconfig"; sourceTree = "<group>"; };
		69E1E6BBFADAE2F60C6A3194 /* Pods-Swift5 Like&Heart-Swift5 Like&HeartUITests.debug.xcconfig */ = {isa = PBXFileReference; includeInIndex = 1; lastKnownFileType = text.xcconfig; name = "Pods-Swift5 Like&Heart-Swift5 Like&HeartUITests.debug.xcconfig"; path = "Target Support Files/Pods-Swift5 Like&Heart-Swift5 Like&HeartUITests/Pods-Swift5 Like&Heart-Swift5 Like&HeartUITests.debug.xcconfig"; sourceTree = "<group>"; };
		7BF501A962D749870196B17F /* Pods-Swift5 Like&Heart.debug.xcconfig */ = {isa = PBXFileReference; includeInIndex = 1; lastKnownFileType = text.xcconfig; name = "Pods-Swift5 Like&Heart.debug.xcconfig"; path = "Target Support Files/Pods-Swift5 Like&Heart/Pods-Swift5 Like&Heart.debug.xcconfig"; sourceTree = "<group>"; };
		8F719FD48A1DF9F4248ABC3F /* Pods_Swift5_Like_HeartTests.framework */ = {isa = PBXFileReference; explicitFileType = wrapper.framework; includeInIndex = 0; path = Pods_Swift5_Like_HeartTests.framework; sourceTree = BUILT_PRODUCTS_DIR; };
		A1839777A106973187065F9B /* Pods-Swift5 Like&Heart-Swift5 Like&HeartUITests.release.xcconfig */ = {isa = PBXFileReference; includeInIndex = 1; lastKnownFileType = text.xcconfig; name = "Pods-Swift5 Like&Heart-Swift5 Like&HeartUITests.release.xcconfig"; path = "Target Support Files/Pods-Swift5 Like&Heart-Swift5 Like&HeartUITests/Pods-Swift5 Like&Heart-Swift5 Like&HeartUITests.release.xcconfig"; sourceTree = "<group>"; };
		E71BB875249DE7C100680852 /* Swift5 Like&Heart.app */ = {isa = PBXFileReference; explicitFileType = wrapper.application; includeInIndex = 0; path = "Swift5 Like&Heart.app"; sourceTree = BUILT_PRODUCTS_DIR; };
		E71BB878249DE7C100680852 /* AppDelegate.swift */ = {isa = PBXFileReference; lastKnownFileType = sourcecode.swift; path = AppDelegate.swift; sourceTree = "<group>"; };
		E71BB87A249DE7C100680852 /* SceneDelegate.swift */ = {isa = PBXFileReference; lastKnownFileType = sourcecode.swift; path = SceneDelegate.swift; sourceTree = "<group>"; };
		E71BB87F249DE7C100680852 /* Base */ = {isa = PBXFileReference; lastKnownFileType = file.storyboard; name = Base; path = Base.lproj/Main.storyboard; sourceTree = "<group>"; };
		E71BB881249DE7C300680852 /* Assets.xcassets */ = {isa = PBXFileReference; lastKnownFileType = folder.assetcatalog; path = Assets.xcassets; sourceTree = "<group>"; };
		E71BB884249DE7C300680852 /* Base */ = {isa = PBXFileReference; lastKnownFileType = file.storyboard; name = Base; path = Base.lproj/LaunchScreen.storyboard; sourceTree = "<group>"; };
		E71BB886249DE7C300680852 /* Info.plist */ = {isa = PBXFileReference; lastKnownFileType = text.plist.xml; path = Info.plist; sourceTree = "<group>"; };
		E71BB88B249DE7C400680852 /* Swift5 Like&HeartTests.xctest */ = {isa = PBXFileReference; explicitFileType = wrapper.cfbundle; includeInIndex = 0; path = "Swift5 Like&HeartTests.xctest"; sourceTree = BUILT_PRODUCTS_DIR; };
		E71BB88F249DE7C400680852 /* Swift5_Like_HeartTests.swift */ = {isa = PBXFileReference; lastKnownFileType = sourcecode.swift; path = Swift5_Like_HeartTests.swift; sourceTree = "<group>"; };
		E71BB891249DE7C400680852 /* Info.plist */ = {isa = PBXFileReference; lastKnownFileType = text.plist.xml; path = Info.plist; sourceTree = "<group>"; };
		E71BB896249DE7C400680852 /* Swift5 Like&HeartUITests.xctest */ = {isa = PBXFileReference; explicitFileType = wrapper.cfbundle; includeInIndex = 0; path = "Swift5 Like&HeartUITests.xctest"; sourceTree = BUILT_PRODUCTS_DIR; };
		E71BB89A249DE7C400680852 /* Swift5_Like_HeartUITests.swift */ = {isa = PBXFileReference; lastKnownFileType = sourcecode.swift; path = Swift5_Like_HeartUITests.swift; sourceTree = "<group>"; };
		E71BB89C249DE7C400680852 /* Info.plist */ = {isa = PBXFileReference; lastKnownFileType = text.plist.xml; path = Info.plist; sourceTree = "<group>"; };
		E7A0EB5924A243E2009CCEAE /* GoogleService-Info.plist */ = {isa = PBXFileReference; fileEncoding = 4; lastKnownFileType = text.plist.xml; path = "GoogleService-Info.plist"; sourceTree = "<group>"; };
		E7A0EB5B24A24589009CCEAE /* heart.json */ = {isa = PBXFileReference; fileEncoding = 4; lastKnownFileType = text.json; path = heart.json; sourceTree = "<group>"; };
		E7A0EB5C24A2458B009CCEAE /* good.json */ = {isa = PBXFileReference; fileEncoding = 4; lastKnownFileType = text.json; path = good.json; sourceTree = "<group>"; };
		E7A0EB5F24A24666009CCEAE /* LoginViewController.swift */ = {isa = PBXFileReference; lastKnownFileType = sourcecode.swift; path = LoginViewController.swift; sourceTree = "<group>"; };
		E7C8DAF724A43F4500876198 /* TimeLineViewController.swift */ = {isa = PBXFileReference; lastKnownFileType = sourcecode.swift; path = TimeLineViewController.swift; sourceTree = "<group>"; };
		E7D3450624A3C776004C16D2 /* EditViewController.swift */ = {isa = PBXFileReference; lastKnownFileType = sourcecode.swift; path = EditViewController.swift; sourceTree = "<group>"; };
		EDD02E66B15638FD808BBB53 /* Pods-Swift5 Like&HeartTests.debug.xcconfig */ = {isa = PBXFileReference; includeInIndex = 1; lastKnownFileType = text.xcconfig; name = "Pods-Swift5 Like&HeartTests.debug.xcconfig"; path = "Target Support Files/Pods-Swift5 Like&HeartTests/Pods-Swift5 Like&HeartTests.debug.xcconfig"; sourceTree = "<group>"; };
		F13A1CADA35F8CEF10D26AFF /* Pods_Swift5_Like_Heart.framework */ = {isa = PBXFileReference; explicitFileType = wrapper.framework; includeInIndex = 0; path = Pods_Swift5_Like_Heart.framework; sourceTree = BUILT_PRODUCTS_DIR; };
/* End PBXFileReference section */

/* Begin PBXFrameworksBuildPhase section */
		E71BB872249DE7C100680852 /* Frameworks */ = {
			isa = PBXFrameworksBuildPhase;
			buildActionMask = 2147483647;
			files = (
				30866B4F966A93DABF45F364 /* Pods_Swift5_Like_Heart.framework in Frameworks */,
			);
			runOnlyForDeploymentPostprocessing = 0;
		};
		E71BB888249DE7C400680852 /* Frameworks */ = {
			isa = PBXFrameworksBuildPhase;
			buildActionMask = 2147483647;
			files = (
				B8213B0D245020E82270E5E9 /* Pods_Swift5_Like_HeartTests.framework in Frameworks */,
			);
			runOnlyForDeploymentPostprocessing = 0;
		};
		E71BB893249DE7C400680852 /* Frameworks */ = {
			isa = PBXFrameworksBuildPhase;
			buildActionMask = 2147483647;
			files = (
				5CA45622706ADBD27ADFB7EF /* Pods_Swift5_Like_Heart_Swift5_Like_HeartUITests.framework in Frameworks */,
			);
			runOnlyForDeploymentPostprocessing = 0;
		};
/* End PBXFrameworksBuildPhase section */

/* Begin PBXGroup section */
		091749536E5615093622BD7E /* Pods */ = {
			isa = PBXGroup;
			children = (
				7BF501A962D749870196B17F /* Pods-Swift5 Like&Heart.debug.xcconfig */,
				42161E2BF26DB6D19C1026F6 /* Pods-Swift5 Like&Heart.release.xcconfig */,
				69E1E6BBFADAE2F60C6A3194 /* Pods-Swift5 Like&Heart-Swift5 Like&HeartUITests.debug.xcconfig */,
				A1839777A106973187065F9B /* Pods-Swift5 Like&Heart-Swift5 Like&HeartUITests.release.xcconfig */,
				EDD02E66B15638FD808BBB53 /* Pods-Swift5 Like&HeartTests.debug.xcconfig */,
				0A0E2B9C8D368DBFBB283491 /* Pods-Swift5 Like&HeartTests.release.xcconfig */,
			);
			path = Pods;
			sourceTree = "<group>";
		};
		0DBAAEFF78599C85B53607BE /* Frameworks */ = {
			isa = PBXGroup;
			children = (
				F13A1CADA35F8CEF10D26AFF /* Pods_Swift5_Like_Heart.framework */,
				09AD7770E12155FEF9E9FB54 /* Pods_Swift5_Like_Heart_Swift5_Like_HeartUITests.framework */,
				8F719FD48A1DF9F4248ABC3F /* Pods_Swift5_Like_HeartTests.framework */,
			);
			name = Frameworks;
			sourceTree = "<group>";
		};
		E71BB86C249DE7C000680852 = {
			isa = PBXGroup;
			children = (
				E71BB877249DE7C100680852 /* Swift5 Like&Heart */,
				E71BB88E249DE7C400680852 /* Swift5 Like&HeartTests */,
				E71BB899249DE7C400680852 /* Swift5 Like&HeartUITests */,
				E71BB876249DE7C100680852 /* Products */,
				091749536E5615093622BD7E /* Pods */,
				0DBAAEFF78599C85B53607BE /* Frameworks */,
			);
			sourceTree = "<group>";
		};
		E71BB876249DE7C100680852 /* Products */ = {
			isa = PBXGroup;
			children = (
				E71BB875249DE7C100680852 /* Swift5 Like&Heart.app */,
				E71BB88B249DE7C400680852 /* Swift5 Like&HeartTests.xctest */,
				E71BB896249DE7C400680852 /* Swift5 Like&HeartUITests.xctest */,
			);
			name = Products;
			sourceTree = "<group>";
		};
		E71BB877249DE7C100680852 /* Swift5 Like&Heart */ = {
			isa = PBXGroup;
			children = (
				E7A0EB5824A24386009CCEAE /* Model */,
				E7A0EB5724A2437F009CCEAE /* View */,
				E7A0EB5624A24372009CCEAE /* Controller */,
				E71BB886249DE7C300680852 /* Info.plist */,
				E7A0EB5924A243E2009CCEAE /* GoogleService-Info.plist */,
				E7A0EB5C24A2458B009CCEAE /* good.json */,
				E7A0EB5B24A24589009CCEAE /* heart.json */,
			);
			path = "Swift5 Like&Heart";
			sourceTree = "<group>";
		};
		E71BB88E249DE7C400680852 /* Swift5 Like&HeartTests */ = {
			isa = PBXGroup;
			children = (
				E71BB88F249DE7C400680852 /* Swift5_Like_HeartTests.swift */,
				E71BB891249DE7C400680852 /* Info.plist */,
			);
			path = "Swift5 Like&HeartTests";
			sourceTree = "<group>";
		};
		E71BB899249DE7C400680852 /* Swift5 Like&HeartUITests */ = {
			isa = PBXGroup;
			children = (
				E71BB89A249DE7C400680852 /* Swift5_Like_HeartUITests.swift */,
				E71BB89C249DE7C400680852 /* Info.plist */,
			);
			path = "Swift5 Like&HeartUITests";
			sourceTree = "<group>";
		};
		E7A0EB5624A24372009CCEAE /* Controller */ = {
			isa = PBXGroup;
			children = (
				E71BB878249DE7C100680852 /* AppDelegate.swift */,
				E71BB87A249DE7C100680852 /* SceneDelegate.swift */,
				E7A0EB5F24A24666009CCEAE /* LoginViewController.swift */,
				E7D3450624A3C776004C16D2 /* EditViewController.swift */,
				E7C8DAF724A43F4500876198 /* TimeLineViewController.swift */,
			);
			path = Controller;
			sourceTree = "<group>";
		};
		E7A0EB5724A2437F009CCEAE /* View */ = {
			isa = PBXGroup;
			children = (
				E71BB87E249DE7C100680852 /* Main.storyboard */,
				E71BB881249DE7C300680852 /* Assets.xcassets */,
				E71BB883249DE7C300680852 /* LaunchScreen.storyboard */,
			);
			path = View;
			sourceTree = "<group>";
		};
		E7A0EB5824A24386009CCEAE /* Model */ = {
			isa = PBXGroup;
			children = (
			);
			path = Model;
			sourceTree = "<group>";
		};
/* End PBXGroup section */

/* Begin PBXNativeTarget section */
		E71BB874249DE7C100680852 /* Swift5 Like&Heart */ = {
			isa = PBXNativeTarget;
			buildConfigurationList = E71BB89F249DE7C400680852 /* Build configuration list for PBXNativeTarget "Swift5 Like&Heart" */;
			buildPhases = (
				2BD1FAAD2EF46D0E814A32C3 /* [CP] Check Pods Manifest.lock */,
				E71BB871249DE7C100680852 /* Sources */,
				E71BB872249DE7C100680852 /* Frameworks */,
				E71BB873249DE7C100680852 /* Resources */,
				BAAA127D2C026EC49A0EF0D3 /* [CP] Embed Pods Frameworks */,
			);
			buildRules = (
			);
			dependencies = (
			);
			name = "Swift5 Like&Heart";
			productName = "Swift5 Like&Heart";
			productReference = E71BB875249DE7C100680852 /* Swift5 Like&Heart.app */;
			productType = "com.apple.product-type.application";
		};
		E71BB88A249DE7C400680852 /* Swift5 Like&HeartTests */ = {
			isa = PBXNativeTarget;
			buildConfigurationList = E71BB8A2249DE7C400680852 /* Build configuration list for PBXNativeTarget "Swift5 Like&HeartTests" */;
			buildPhases = (
				B8A4E1BB54805886E122F71D /* [CP] Check Pods Manifest.lock */,
				E71BB887249DE7C400680852 /* Sources */,
				E71BB888249DE7C400680852 /* Frameworks */,
				E71BB889249DE7C400680852 /* Resources */,
			);
			buildRules = (
			);
			dependencies = (
				E71BB88D249DE7C400680852 /* PBXTargetDependency */,
			);
			name = "Swift5 Like&HeartTests";
			productName = "Swift5 Like&HeartTests";
			productReference = E71BB88B249DE7C400680852 /* Swift5 Like&HeartTests.xctest */;
			productType = "com.apple.product-type.bundle.unit-test";
		};
		E71BB895249DE7C400680852 /* Swift5 Like&HeartUITests */ = {
			isa = PBXNativeTarget;
			buildConfigurationList = E71BB8A5249DE7C400680852 /* Build configuration list for PBXNativeTarget "Swift5 Like&HeartUITests" */;
			buildPhases = (
				612D1D930335E5FA79490E63 /* [CP] Check Pods Manifest.lock */,
				E71BB892249DE7C400680852 /* Sources */,
				E71BB893249DE7C400680852 /* Frameworks */,
				E71BB894249DE7C400680852 /* Resources */,
				6E72C6AC91EC9450E04CD38D /* [CP] Embed Pods Frameworks */,
			);
			buildRules = (
			);
			dependencies = (
				E71BB898249DE7C400680852 /* PBXTargetDependency */,
			);
			name = "Swift5 Like&HeartUITests";
			productName = "Swift5 Like&HeartUITests";
			productReference = E71BB896249DE7C400680852 /* Swift5 Like&HeartUITests.xctest */;
			productType = "com.apple.product-type.bundle.ui-testing";
		};
/* End PBXNativeTarget section */

/* Begin PBXProject section */
		E71BB86D249DE7C000680852 /* Project object */ = {
			isa = PBXProject;
			attributes = {
				LastSwiftUpdateCheck = 1140;
				LastUpgradeCheck = 1140;
				ORGANIZATIONNAME = Hiroaki_Hirabayashi;
				TargetAttributes = {
					E71BB874249DE7C100680852 = {
						CreatedOnToolsVersion = 11.4;
					};
					E71BB88A249DE7C400680852 = {
						CreatedOnToolsVersion = 11.4;
						TestTargetID = E71BB874249DE7C100680852;
					};
					E71BB895249DE7C400680852 = {
						CreatedOnToolsVersion = 11.4;
						TestTargetID = E71BB874249DE7C100680852;
					};
				};
			};
			buildConfigurationList = E71BB870249DE7C000680852 /* Build configuration list for PBXProject "Swift5 Like&Heart" */;
			compatibilityVersion = "Xcode 9.3";
			developmentRegion = en;
			hasScannedForEncodings = 0;
			knownRegions = (
				en,
				Base,
			);
			mainGroup = E71BB86C249DE7C000680852;
			productRefGroup = E71BB876249DE7C100680852 /* Products */;
			projectDirPath = "";
			projectRoot = "";
			targets = (
				E71BB874249DE7C100680852 /* Swift5 Like&Heart */,
				E71BB88A249DE7C400680852 /* Swift5 Like&HeartTests */,
				E71BB895249DE7C400680852 /* Swift5 Like&HeartUITests */,
			);
		};
/* End PBXProject section */

/* Begin PBXResourcesBuildPhase section */
		E71BB873249DE7C100680852 /* Resources */ = {
			isa = PBXResourcesBuildPhase;
			buildActionMask = 2147483647;
			files = (
				E7A0EB5E24A2458B009CCEAE /* good.json in Resources */,
				E71BB885249DE7C300680852 /* LaunchScreen.storyboard in Resources */,
				E71BB882249DE7C300680852 /* Assets.xcassets in Resources */,
				E7A0EB5A24A243E2009CCEAE /* GoogleService-Info.plist in Resources */,
				E7A0EB5D24A2458B009CCEAE /* heart.json in Resources */,
				E71BB880249DE7C100680852 /* Main.storyboard in Resources */,
			);
			runOnlyForDeploymentPostprocessing = 0;
		};
		E71BB889249DE7C400680852 /* Resources */ = {
			isa = PBXResourcesBuildPhase;
			buildActionMask = 2147483647;
			files = (
			);
			runOnlyForDeploymentPostprocessing = 0;
		};
		E71BB894249DE7C400680852 /* Resources */ = {
			isa = PBXResourcesBuildPhase;
			buildActionMask = 2147483647;
			files = (
			);
			runOnlyForDeploymentPostprocessing = 0;
		};
/* End PBXResourcesBuildPhase section */

/* Begin PBXShellScriptBuildPhase section */
		2BD1FAAD2EF46D0E814A32C3 /* [CP] Check Pods Manifest.lock */ = {
			isa = PBXShellScriptBuildPhase;
			buildActionMask = 2147483647;
			files = (
			);
			inputFileListPaths = (
			);
			inputPaths = (
				"${PODS_PODFILE_DIR_PATH}/Podfile.lock",
				"${PODS_ROOT}/Manifest.lock",
			);
			name = "[CP] Check Pods Manifest.lock";
			outputFileListPaths = (
			);
			outputPaths = (
				"$(DERIVED_FILE_DIR)/Pods-Swift5 Like&Heart-checkManifestLockResult.txt",
			);
			runOnlyForDeploymentPostprocessing = 0;
			shellPath = /bin/sh;
			shellScript = "diff \"${PODS_PODFILE_DIR_PATH}/Podfile.lock\" \"${PODS_ROOT}/Manifest.lock\" > /dev/null\nif [ $? != 0 ] ; then\n    # print error to STDERR\n    echo \"error: The sandbox is not in sync with the Podfile.lock. Run 'pod install' or update your CocoaPods installation.\" >&2\n    exit 1\nfi\n# This output is used by Xcode 'outputs' to avoid re-running this script phase.\necho \"SUCCESS\" > \"${SCRIPT_OUTPUT_FILE_0}\"\n";
			showEnvVarsInLog = 0;
		};
		612D1D930335E5FA79490E63 /* [CP] Check Pods Manifest.lock */ = {
			isa = PBXShellScriptBuildPhase;
			buildActionMask = 2147483647;
			files = (
			);
			inputFileListPaths = (
			);
			inputPaths = (
				"${PODS_PODFILE_DIR_PATH}/Podfile.lock",
				"${PODS_ROOT}/Manifest.lock",
			);
			name = "[CP] Check Pods Manifest.lock";
			outputFileListPaths = (
			);
			outputPaths = (
				"$(DERIVED_FILE_DIR)/Pods-Swift5 Like&Heart-Swift5 Like&HeartUITests-checkManifestLockResult.txt",
			);
			runOnlyForDeploymentPostprocessing = 0;
			shellPath = /bin/sh;
			shellScript = "diff \"${PODS_PODFILE_DIR_PATH}/Podfile.lock\" \"${PODS_ROOT}/Manifest.lock\" > /dev/null\nif [ $? != 0 ] ; then\n    # print error to STDERR\n    echo \"error: The sandbox is not in sync with the Podfile.lock. Run 'pod install' or update your CocoaPods installation.\" >&2\n    exit 1\nfi\n# This output is used by Xcode 'outputs' to avoid re-running this script phase.\necho \"SUCCESS\" > \"${SCRIPT_OUTPUT_FILE_0}\"\n";
			showEnvVarsInLog = 0;
		};
		6E72C6AC91EC9450E04CD38D /* [CP] Embed Pods Frameworks */ = {
			isa = PBXShellScriptBuildPhase;
			buildActionMask = 2147483647;
			files = (
			);
			inputFileListPaths = (
				"${PODS_ROOT}/Target Support Files/Pods-Swift5 Like&Heart-Swift5 Like&HeartUITests/Pods-Swift5 Like&Heart-Swift5 Like&HeartUITests-frameworks-${CONFIGURATION}-input-files.xcfilelist",
			);
			name = "[CP] Embed Pods Frameworks";
			outputFileListPaths = (
				"${PODS_ROOT}/Target Support Files/Pods-Swift5 Like&Heart-Swift5 Like&HeartUITests/Pods-Swift5 Like&Heart-Swift5 Like&HeartUITests-frameworks-${CONFIGURATION}-output-files.xcfilelist",
			);
			runOnlyForDeploymentPostprocessing = 0;
			shellPath = /bin/sh;
			shellScript = "\"${PODS_ROOT}/Target Support Files/Pods-Swift5 Like&Heart-Swift5 Like&HeartUITests/Pods-Swift5 Like&Heart-Swift5 Like&HeartUITests-frameworks.sh\"\n";
			showEnvVarsInLog = 0;
		};
		B8A4E1BB54805886E122F71D /* [CP] Check Pods Manifest.lock */ = {
			isa = PBXShellScriptBuildPhase;
			buildActionMask = 2147483647;
			files = (
			);
			inputFileListPaths = (
			);
			inputPaths = (
				"${PODS_PODFILE_DIR_PATH}/Podfile.lock",
				"${PODS_ROOT}/Manifest.lock",
			);
			name = "[CP] Check Pods Manifest.lock";
			outputFileListPaths = (
			);
			outputPaths = (
				"$(DERIVED_FILE_DIR)/Pods-Swift5 Like&HeartTests-checkManifestLockResult.txt",
			);
			runOnlyForDeploymentPostprocessing = 0;
			shellPath = /bin/sh;
			shellScript = "diff \"${PODS_PODFILE_DIR_PATH}/Podfile.lock\" \"${PODS_ROOT}/Manifest.lock\" > /dev/null\nif [ $? != 0 ] ; then\n    # print error to STDERR\n    echo \"error: The sandbox is not in sync with the Podfile.lock. Run 'pod install' or update your CocoaPods installation.\" >&2\n    exit 1\nfi\n# This output is used by Xcode 'outputs' to avoid re-running this script phase.\necho \"SUCCESS\" > \"${SCRIPT_OUTPUT_FILE_0}\"\n";
			showEnvVarsInLog = 0;
		};
		BAAA127D2C026EC49A0EF0D3 /* [CP] Embed Pods Frameworks */ = {
			isa = PBXShellScriptBuildPhase;
			buildActionMask = 2147483647;
			files = (
			);
			inputFileListPaths = (
				"${PODS_ROOT}/Target Support Files/Pods-Swift5 Like&Heart/Pods-Swift5 Like&Heart-frameworks-${CONFIGURATION}-input-files.xcfilelist",
			);
			name = "[CP] Embed Pods Frameworks";
			outputFileListPaths = (
				"${PODS_ROOT}/Target Support Files/Pods-Swift5 Like&Heart/Pods-Swift5 Like&Heart-frameworks-${CONFIGURATION}-output-files.xcfilelist",
			);
			runOnlyForDeploymentPostprocessing = 0;
			shellPath = /bin/sh;
			shellScript = "\"${PODS_ROOT}/Target Support Files/Pods-Swift5 Like&Heart/Pods-Swift5 Like&Heart-frameworks.sh\"\n";
			showEnvVarsInLog = 0;
		};
/* End PBXShellScriptBuildPhase section */

/* Begin PBXSourcesBuildPhase section */
		E71BB871249DE7C100680852 /* Sources */ = {
			isa = PBXSourcesBuildPhase;
			buildActionMask = 2147483647;
			files = (
				E7D3450724A3C776004C16D2 /* EditViewController.swift in Sources */,
				E7A0EB6024A24666009CCEAE /* LoginViewController.swift in Sources */,
				E71BB879249DE7C100680852 /* AppDelegate.swift in Sources */,
				E7C8DAF824A43F4500876198 /* TimeLineViewController.swift in Sources */,
				E71BB87B249DE7C100680852 /* SceneDelegate.swift in Sources */,
			);
			runOnlyForDeploymentPostprocessing = 0;
		};
		E71BB887249DE7C400680852 /* Sources */ = {
			isa = PBXSourcesBuildPhase;
			buildActionMask = 2147483647;
			files = (
				E71BB890249DE7C400680852 /* Swift5_Like_HeartTests.swift in Sources */,
			);
			runOnlyForDeploymentPostprocessing = 0;
		};
		E71BB892249DE7C400680852 /* Sources */ = {
			isa = PBXSourcesBuildPhase;
			buildActionMask = 2147483647;
			files = (
				E71BB89B249DE7C400680852 /* Swift5_Like_HeartUITests.swift in Sources */,
			);
			runOnlyForDeploymentPostprocessing = 0;
		};
/* End PBXSourcesBuildPhase section */

/* Begin PBXTargetDependency section */
		E71BB88D249DE7C400680852 /* PBXTargetDependency */ = {
			isa = PBXTargetDependency;
			target = E71BB874249DE7C100680852 /* Swift5 Like&Heart */;
			targetProxy = E71BB88C249DE7C400680852 /* PBXContainerItemProxy */;
		};
		E71BB898249DE7C400680852 /* PBXTargetDependency */ = {
			isa = PBXTargetDependency;
			target = E71BB874249DE7C100680852 /* Swift5 Like&Heart */;
			targetProxy = E71BB897249DE7C400680852 /* PBXContainerItemProxy */;
		};
/* End PBXTargetDependency section */

/* Begin PBXVariantGroup section */
		E71BB87E249DE7C100680852 /* Main.storyboard */ = {
			isa = PBXVariantGroup;
			children = (
				E71BB87F249DE7C100680852 /* Base */,
			);
			name = Main.storyboard;
			sourceTree = "<group>";
		};
		E71BB883249DE7C300680852 /* LaunchScreen.storyboard */ = {
			isa = PBXVariantGroup;
			children = (
				E71BB884249DE7C300680852 /* Base */,
			);
			name = LaunchScreen.storyboard;
			sourceTree = "<group>";
		};
/* End PBXVariantGroup section */

/* Begin XCBuildConfiguration section */
		E71BB89D249DE7C400680852 /* Debug */ = {
			isa = XCBuildConfiguration;
			buildSettings = {
				ALWAYS_SEARCH_USER_PATHS = NO;
				CLANG_ANALYZER_NONNULL = YES;
				CLANG_ANALYZER_NUMBER_OBJECT_CONVERSION = YES_AGGRESSIVE;
				CLANG_CXX_LANGUAGE_STANDARD = "gnu++14";
				CLANG_CXX_LIBRARY = "libc++";
				CLANG_ENABLE_MODULES = YES;
				CLANG_ENABLE_OBJC_ARC = YES;
				CLANG_ENABLE_OBJC_WEAK = YES;
				CLANG_WARN_BLOCK_CAPTURE_AUTORELEASING = YES;
				CLANG_WARN_BOOL_CONVERSION = YES;
				CLANG_WARN_COMMA = YES;
				CLANG_WARN_CONSTANT_CONVERSION = YES;
				CLANG_WARN_DEPRECATED_OBJC_IMPLEMENTATIONS = YES;
				CLANG_WARN_DIRECT_OBJC_ISA_USAGE = YES_ERROR;
				CLANG_WARN_DOCUMENTATION_COMMENTS = YES;
				CLANG_WARN_EMPTY_BODY = YES;
				CLANG_WARN_ENUM_CONVERSION = YES;
				CLANG_WARN_INFINITE_RECURSION = YES;
				CLANG_WARN_INT_CONVERSION = YES;
				CLANG_WARN_NON_LITERAL_NULL_CONVERSION = YES;
				CLANG_WARN_OBJC_IMPLICIT_RETAIN_SELF = YES;
				CLANG_WARN_OBJC_LITERAL_CONVERSION = YES;
				CLANG_WARN_OBJC_ROOT_CLASS = YES_ERROR;
				CLANG_WARN_RANGE_LOOP_ANALYSIS = YES;
				CLANG_WARN_STRICT_PROTOTYPES = YES;
				CLANG_WARN_SUSPICIOUS_MOVE = YES;
				CLANG_WARN_UNGUARDED_AVAILABILITY = YES_AGGRESSIVE;
				CLANG_WARN_UNREACHABLE_CODE = YES;
				CLANG_WARN__DUPLICATE_METHOD_MATCH = YES;
				COPY_PHASE_STRIP = NO;
				DEBUG_INFORMATION_FORMAT = dwarf;
				ENABLE_STRICT_OBJC_MSGSEND = YES;
				ENABLE_TESTABILITY = YES;
				GCC_C_LANGUAGE_STANDARD = gnu11;
				GCC_DYNAMIC_NO_PIC = NO;
				GCC_NO_COMMON_BLOCKS = YES;
				GCC_OPTIMIZATION_LEVEL = 0;
				GCC_PREPROCESSOR_DEFINITIONS = (
					"DEBUG=1",
					"$(inherited)",
				);
				GCC_WARN_64_TO_32_BIT_CONVERSION = YES;
				GCC_WARN_ABOUT_RETURN_TYPE = YES_ERROR;
				GCC_WARN_UNDECLARED_SELECTOR = YES;
				GCC_WARN_UNINITIALIZED_AUTOS = YES_AGGRESSIVE;
				GCC_WARN_UNUSED_FUNCTION = YES;
				GCC_WARN_UNUSED_VARIABLE = YES;
				IPHONEOS_DEPLOYMENT_TARGET = 13.4;
				MTL_ENABLE_DEBUG_INFO = INCLUDE_SOURCE;
				MTL_FAST_MATH = YES;
				ONLY_ACTIVE_ARCH = YES;
				SDKROOT = iphoneos;
				SWIFT_ACTIVE_COMPILATION_CONDITIONS = DEBUG;
				SWIFT_OPTIMIZATION_LEVEL = "-Onone";
			};
			name = Debug;
		};
		E71BB89E249DE7C400680852 /* Release */ = {
			isa = XCBuildConfiguration;
			buildSettings = {
				ALWAYS_SEARCH_USER_PATHS = NO;
				CLANG_ANALYZER_NONNULL = YES;
				CLANG_ANALYZER_NUMBER_OBJECT_CONVERSION = YES_AGGRESSIVE;
				CLANG_CXX_LANGUAGE_STANDARD = "gnu++14";
				CLANG_CXX_LIBRARY = "libc++";
				CLANG_ENABLE_MODULES = YES;
				CLANG_ENABLE_OBJC_ARC = YES;
				CLANG_ENABLE_OBJC_WEAK = YES;
				CLANG_WARN_BLOCK_CAPTURE_AUTORELEASING = YES;
				CLANG_WARN_BOOL_CONVERSION = YES;
				CLANG_WARN_COMMA = YES;
				CLANG_WARN_CONSTANT_CONVERSION = YES;
				CLANG_WARN_DEPRECATED_OBJC_IMPLEMENTATIONS = YES;
				CLANG_WARN_DIRECT_OBJC_ISA_USAGE = YES_ERROR;
				CLANG_WARN_DOCUMENTATION_COMMENTS = YES;
				CLANG_WARN_EMPTY_BODY = YES;
				CLANG_WARN_ENUM_CONVERSION = YES;
				CLANG_WARN_INFINITE_RECURSION = YES;
				CLANG_WARN_INT_CONVERSION = YES;
				CLANG_WARN_NON_LITERAL_NULL_CONVERSION = YES;
				CLANG_WARN_OBJC_IMPLICIT_RETAIN_SELF = YES;
				CLANG_WARN_OBJC_LITERAL_CONVERSION = YES;
				CLANG_WARN_OBJC_ROOT_CLASS = YES_ERROR;
				CLANG_WARN_RANGE_LOOP_ANALYSIS = YES;
				CLANG_WARN_STRICT_PROTOTYPES = YES;
				CLANG_WARN_SUSPICIOUS_MOVE = YES;
				CLANG_WARN_UNGUARDED_AVAILABILITY = YES_AGGRESSIVE;
				CLANG_WARN_UNREACHABLE_CODE = YES;
				CLANG_WARN__DUPLICATE_METHOD_MATCH = YES;
				COPY_PHASE_STRIP = NO;
				DEBUG_INFORMATION_FORMAT = "dwarf-with-dsym";
				ENABLE_NS_ASSERTIONS = NO;
				ENABLE_STRICT_OBJC_MSGSEND = YES;
				GCC_C_LANGUAGE_STANDARD = gnu11;
				GCC_NO_COMMON_BLOCKS = YES;
				GCC_WARN_64_TO_32_BIT_CONVERSION = YES;
				GCC_WARN_ABOUT_RETURN_TYPE = YES_ERROR;
				GCC_WARN_UNDECLARED_SELECTOR = YES;
				GCC_WARN_UNINITIALIZED_AUTOS = YES_AGGRESSIVE;
				GCC_WARN_UNUSED_FUNCTION = YES;
				GCC_WARN_UNUSED_VARIABLE = YES;
				IPHONEOS_DEPLOYMENT_TARGET = 13.4;
				MTL_ENABLE_DEBUG_INFO = NO;
				MTL_FAST_MATH = YES;
				SDKROOT = iphoneos;
				SWIFT_COMPILATION_MODE = wholemodule;
				SWIFT_OPTIMIZATION_LEVEL = "-O";
				VALIDATE_PRODUCT = YES;
			};
			name = Release;
		};
		E71BB8A0249DE7C400680852 /* Debug */ = {
			isa = XCBuildConfiguration;
			baseConfigurationReference = 7BF501A962D749870196B17F /* Pods-Swift5 Like&Heart.debug.xcconfig */;
			buildSettings = {
				ASSETCATALOG_COMPILER_APPICON_NAME = AppIcon;
				CODE_SIGN_STYLE = Automatic;
				INFOPLIST_FILE = "Swift5 Like&Heart/Info.plist";
				LD_RUNPATH_SEARCH_PATHS = (
					"$(inherited)",
					"@executable_path/Frameworks",
				);
				PRODUCT_BUNDLE_IDENTIFIER = "com.-Hiroaki-Hirabayashi.Swift5-Like-Heart";
				PRODUCT_NAME = "$(TARGET_NAME)";
				SWIFT_VERSION = 5.0;
				TARGETED_DEVICE_FAMILY = "1,2";
			};
			name = Debug;
		};
		E71BB8A1249DE7C400680852 /* Release */ = {
			isa = XCBuildConfiguration;
			baseConfigurationReference = 42161E2BF26DB6D19C1026F6 /* Pods-Swift5 Like&Heart.release.xcconfig */;
			buildSettings = {
				ASSETCATALOG_COMPILER_APPICON_NAME = AppIcon;
				CODE_SIGN_STYLE = Automatic;
				INFOPLIST_FILE = "Swift5 Like&Heart/Info.plist";
				LD_RUNPATH_SEARCH_PATHS = (
					"$(inherited)",
					"@executable_path/Frameworks",
				);
				PRODUCT_BUNDLE_IDENTIFIER = "com.-Hiroaki-Hirabayashi.Swift5-Like-Heart";
				PRODUCT_NAME = "$(TARGET_NAME)";
				SWIFT_VERSION = 5.0;
				TARGETED_DEVICE_FAMILY = "1,2";
			};
			name = Release;
		};
		E71BB8A3249DE7C400680852 /* Debug */ = {
			isa = XCBuildConfiguration;
			baseConfigurationReference = EDD02E66B15638FD808BBB53 /* Pods-Swift5 Like&HeartTests.debug.xcconfig */;
			buildSettings = {
				ALWAYS_EMBED_SWIFT_STANDARD_LIBRARIES = YES;
				BUNDLE_LOADER = "$(TEST_HOST)";
				CODE_SIGN_STYLE = Automatic;
				INFOPLIST_FILE = "Swift5 Like&HeartTests/Info.plist";
				IPHONEOS_DEPLOYMENT_TARGET = 13.4;
				LD_RUNPATH_SEARCH_PATHS = (
					"$(inherited)",
					"@executable_path/Frameworks",
					"@loader_path/Frameworks",
				);
				PRODUCT_BUNDLE_IDENTIFIER = "com.-Hiroaki-Hirabayashi.Swift5-Like-HeartTests";
				PRODUCT_NAME = "$(TARGET_NAME)";
				SWIFT_VERSION = 5.0;
				TARGETED_DEVICE_FAMILY = "1,2";
				TEST_HOST = "$(BUILT_PRODUCTS_DIR)/Swift5 Like&Heart.app/Swift5 Like&Heart";
			};
			name = Debug;
		};
		E71BB8A4249DE7C400680852 /* Release */ = {
			isa = XCBuildConfiguration;
			baseConfigurationReference = 0A0E2B9C8D368DBFBB283491 /* Pods-Swift5 Like&HeartTests.release.xcconfig */;
			buildSettings = {
				ALWAYS_EMBED_SWIFT_STANDARD_LIBRARIES = YES;
				BUNDLE_LOADER = "$(TEST_HOST)";
				CODE_SIGN_STYLE = Automatic;
				INFOPLIST_FILE = "Swift5 Like&HeartTests/Info.plist";
				IPHONEOS_DEPLOYMENT_TARGET = 13.4;
				LD_RUNPATH_SEARCH_PATHS = (
					"$(inherited)",
					"@executable_path/Frameworks",
					"@loader_path/Frameworks",
				);
				PRODUCT_BUNDLE_IDENTIFIER = "com.-Hiroaki-Hirabayashi.Swift5-Like-HeartTests";
				PRODUCT_NAME = "$(TARGET_NAME)";
				SWIFT_VERSION = 5.0;
				TARGETED_DEVICE_FAMILY = "1,2";
				TEST_HOST = "$(BUILT_PRODUCTS_DIR)/Swift5 Like&Heart.app/Swift5 Like&Heart";
			};
			name = Release;
		};
		E71BB8A6249DE7C400680852 /* Debug */ = {
			isa = XCBuildConfiguration;
			baseConfigurationReference = 69E1E6BBFADAE2F60C6A3194 /* Pods-Swift5 Like&Heart-Swift5 Like&HeartUITests.debug.xcconfig */;
			buildSettings = {
				ALWAYS_EMBED_SWIFT_STANDARD_LIBRARIES = YES;
				CODE_SIGN_STYLE = Automatic;
				INFOPLIST_FILE = "Swift5 Like&HeartUITests/Info.plist";
				LD_RUNPATH_SEARCH_PATHS = (
					"$(inherited)",
					"@executable_path/Frameworks",
					"@loader_path/Frameworks",
				);
				PRODUCT_BUNDLE_IDENTIFIER = "com.-Hiroaki-Hirabayashi.Swift5-Like-HeartUITests";
				PRODUCT_NAME = "$(TARGET_NAME)";
				SWIFT_VERSION = 5.0;
				TARGETED_DEVICE_FAMILY = "1,2";
				TEST_TARGET_NAME = "Swift5 Like&Heart";
			};
			name = Debug;
		};
		E71BB8A7249DE7C400680852 /* Release */ = {
			isa = XCBuildConfiguration;
			baseConfigurationReference = A1839777A106973187065F9B /* Pods-Swift5 Like&Heart-Swift5 Like&HeartUITests.release.xcconfig */;
			buildSettings = {
				ALWAYS_EMBED_SWIFT_STANDARD_LIBRARIES = YES;
				CODE_SIGN_STYLE = Automatic;
				INFOPLIST_FILE = "Swift5 Like&HeartUITests/Info.plist";
				LD_RUNPATH_SEARCH_PATHS = (
					"$(inherited)",
					"@executable_path/Frameworks",
					"@loader_path/Frameworks",
				);
				PRODUCT_BUNDLE_IDENTIFIER = "com.-Hiroaki-Hirabayashi.Swift5-Like-HeartUITests";
				PRODUCT_NAME = "$(TARGET_NAME)";
				SWIFT_VERSION = 5.0;
				TARGETED_DEVICE_FAMILY = "1,2";
				TEST_TARGET_NAME = "Swift5 Like&Heart";
			};
			name = Release;
		};
/* End XCBuildConfiguration section */

/* Begin XCConfigurationList section */
		E71BB870249DE7C000680852 /* Build configuration list for PBXProject "Swift5 Like&Heart" */ = {
			isa = XCConfigurationList;
			buildConfigurations = (
				E71BB89D249DE7C400680852 /* Debug */,
				E71BB89E249DE7C400680852 /* Release */,
			);
			defaultConfigurationIsVisible = 0;
			defaultConfigurationName = Release;
		};
		E71BB89F249DE7C400680852 /* Build configuration list for PBXNativeTarget "Swift5 Like&Heart" */ = {
			isa = XCConfigurationList;
			buildConfigurations = (
				E71BB8A0249DE7C400680852 /* Debug */,
				E71BB8A1249DE7C400680852 /* Release */,
			);
			defaultConfigurationIsVisible = 0;
			defaultConfigurationName = Release;
		};
		E71BB8A2249DE7C400680852 /* Build configuration list for PBXNativeTarget "Swift5 Like&HeartTests" */ = {
			isa = XCConfigurationList;
			buildConfigurations = (
				E71BB8A3249DE7C400680852 /* Debug */,
				E71BB8A4249DE7C400680852 /* Release */,
			);
			defaultConfigurationIsVisible = 0;
			defaultConfigurationName = Release;
		};
		E71BB8A5249DE7C400680852 /* Build configuration list for PBXNativeTarget "Swift5 Like&HeartUITests" */ = {
			isa = XCConfigurationList;
			buildConfigurations = (
				E71BB8A6249DE7C400680852 /* Debug */,
				E71BB8A7249DE7C400680852 /* Release */,
			);
			defaultConfigurationIsVisible = 0;
			defaultConfigurationName = Release;
		};
/* End XCConfigurationList section */
	};
	rootObject = E71BB86D249DE7C000680852 /* Project object */;
}
